PODS:
  - cloud_firestore (2.4.0):
    - Firebase/CoreOnly (~> 8.3.0)
    - Firebase/Firestore (~> 8.3.0)
    - firebase_core
    - FlutterMacOS
  - Firebase/Auth (8.3.0):
    - Firebase/CoreOnly
    - FirebaseAuth (~> 8.3.0)
  - Firebase/CoreOnly (8.3.0):
    - FirebaseCore (= 8.3.0)
  - Firebase/Firestore (8.3.0):
    - Firebase/CoreOnly
    - FirebaseFirestore (~> 8.3.0)
  - firebase_auth (3.0.1):
    - Firebase/Auth (~> 8.3.0)
    - Firebase/CoreOnly (~> 8.3.0)
    - firebase_core
    - FlutterMacOS
  - firebase_core (1.4.0):
    - Firebase/CoreOnly (~> 8.3.0)
    - FlutterMacOS
  - FirebaseAuth (8.3.0):
    - FirebaseCore (~> 8.0)
    - GoogleUtilities/AppDelegateSwizzler (~> 7.4)
    - GoogleUtilities/Environment (~> 7.4)
    - GTMSessionFetcher/Core (~> 1.5)
  - FirebaseCore (8.3.0):
    - FirebaseCoreDiagnostics (~> 8.0)
    - GoogleUtilities/Environment (~> 7.4)
    - GoogleUtilities/Logger (~> 7.4)
  - FirebaseCoreDiagnostics (8.5.0):
    - GoogleDataTransport (~> 9.0)
    - GoogleUtilities/Environment (~> 7.4)
    - GoogleUtilities/Logger (~> 7.4)
    - nanopb (~> 2.30908.0)
  - FirebaseFirestore (8.3.0):
    - FirebaseFirestore/AutodetectLeveldb (= 8.3.0)
  - FirebaseFirestore/AutodetectLeveldb (8.3.0):
    - FirebaseFirestore/Base
    - FirebaseFirestore/WithLeveldb
  - FirebaseFirestore/Base (8.3.0)
  - FirebaseFirestore/WithLeveldb (8.3.0):
    - FirebaseFirestore/Base
  - FlutterMacOS (1.0.0)
  - GoogleDataTransport (9.1.0):
    - GoogleUtilities/Environment (~> 7.2)
    - nanopb (~> 2.30908.0)
    - PromisesObjC (< 3.0, >= 1.2)
  - GoogleUtilities/AppDelegateSwizzler (7.5.0):
    - GoogleUtilities/Environment
    - GoogleUtilities/Logger
    - GoogleUtilities/Network
  - GoogleUtilities/Environment (7.5.0):
    - PromisesObjC (< 3.0, >= 1.2)
  - GoogleUtilities/Logger (7.5.0):
    - GoogleUtilities/Environment
  - GoogleUtilities/Network (7.5.0):
    - GoogleUtilities/Logger
    - "GoogleUtilities/NSData+zlib"
    - GoogleUtilities/Reachability
  - "GoogleUtilities/NSData+zlib (7.5.0)"
  - GoogleUtilities/Reachability (7.5.0):
    - GoogleUtilities/Logger
  - GTMSessionFetcher/Core (1.6.1)
  - nanopb (2.30908.0):
    - nanopb/decode (= 2.30908.0)
    - nanopb/encode (= 2.30908.0)
  - nanopb/decode (2.30908.0)
  - nanopb/encode (2.30908.0)
  - PromisesObjC (2.0.0)
  - shared_preferences_macos (0.0.1):
    - FlutterMacOS
  - sign_in_with_apple (0.0.1):
    - FlutterMacOS
  - url_launcher_macos (0.0.1):
    - FlutterMacOS

DEPENDENCIES:
  - cloud_firestore (from `Flutter/ephemeral/.symlinks/plugins/cloud_firestore/macos`)
  - firebase_auth (from `Flutter/ephemeral/.symlinks/plugins/firebase_auth/macos`)
  - firebase_core (from `Flutter/ephemeral/.symlinks/plugins/firebase_core/macos`)
  - FirebaseFirestore (from `https://github.com/invertase/firestore-ios-sdk-frameworks.git`, tag `8.3.0`)
  - FlutterMacOS (from `Flutter/ephemeral`)
  - shared_preferences_macos (from `Flutter/ephemeral/.symlinks/plugins/shared_preferences_macos/macos`)
  - sign_in_with_apple (from `Flutter/ephemeral/.symlinks/plugins/sign_in_with_apple/macos`)
  - url_launcher_macos (from `Flutter/ephemeral/.symlinks/plugins/url_launcher_macos/macos`)

SPEC REPOS:
  trunk:
    - Firebase
    - FirebaseAuth
    - FirebaseCore
    - FirebaseCoreDiagnostics
    - GoogleDataTransport
    - GoogleUtilities
    - GTMSessionFetcher
    - nanopb
    - PromisesObjC

EXTERNAL SOURCES:
  cloud_firestore:
    :path: Flutter/ephemeral/.symlinks/plugins/cloud_firestore/macos
  firebase_auth:
    :path: Flutter/ephemeral/.symlinks/plugins/firebase_auth/macos
  firebase_core:
    :path: Flutter/ephemeral/.symlinks/plugins/firebase_core/macos
  FirebaseFirestore:
    :git: https://github.com/invertase/firestore-ios-sdk-frameworks.git
    :tag: 8.3.0
  FlutterMacOS:
    :path: Flutter/ephemeral
  shared_preferences_macos:
    :path: Flutter/ephemeral/.symlinks/plugins/shared_preferences_macos/macos
  sign_in_with_apple:
    :path: Flutter/ephemeral/.symlinks/plugins/sign_in_with_apple/macos
  url_launcher_macos:
    :path: Flutter/ephemeral/.symlinks/plugins/url_launcher_macos/macos

CHECKOUT OPTIONS:
  FirebaseFirestore:
    :git: https://github.com/invertase/firestore-ios-sdk-frameworks.git
    :tag: 8.3.0

SPEC CHECKSUMS:
  cloud_firestore: 7cb6f4a5c3efa08ab32b990b4fe7b55aeed4b4ec
  Firebase: 817b9171d0d51dccc458b94a5e8edff6b1dd323d
  firebase_auth: 360169866f3ece46cef4297c95a8ba41a314cb4a
  firebase_core: ad49755f79b4072b73270a1806b09d744d504869
  FirebaseAuth: fd12c82de44e7ad3b821610c387b8251f03aa0f9
  FirebaseCore: a6dba751680d7033b9d3831e1cfc95ead0605118
  FirebaseCoreDiagnostics: 7bf55d386f9fc690d971b70a582142321a390eb8
  FirebaseFirestore: 190fe35f122c058493884e066acc233283519150
  FlutterMacOS: 57701585bf7de1b3fc2bb61f6378d73bbdea8424
  GoogleDataTransport: 85fd18ff3019bb85d3f2c551d04c481dedf71fc9
  GoogleUtilities: eea970f4a389963963bffe8d8fabe43540678b9c
  GTMSessionFetcher: 36689134877faeb055b27dfa4ccc9ceaa42e029e
  nanopb: a0ba3315591a9ae0a16a309ee504766e90db0c96
  PromisesObjC: 68159ce6952d93e17b2dfe273b8c40907db5ba58
  shared_preferences_macos: 480ce071d0666e37cef23fe6c702293a3d21799e
  sign_in_with_apple: a9e97e744e8edc36aefc2723111f652102a7a727
  url_launcher_macos: 45af3d61de06997666568a7149c1be98b41c95d4

PODFILE CHECKSUM: 7273e121a3e4a222dbce59bb3fd77ceece1e4ccd

COCOAPODS: 1.10.2
